
Microsoft Visual Studio Solution File, Format Version 12.00
# Visual Studio Version 17
VisualStudioVersion = 17.0.31903.59
MinimumVisualStudioVersion = 10.0.40219.1
Project("{2150E333-8FDC-42A3-9474-1A3956D46DE8}") = "src", "src", "{827E0CD3-B72D-47B6-A68D-7590B98EB39B}"
EndProject
Project("{FAE04EC0-301F-11D3-BF4B-00C04F79EFBC}") = "ApiGateway", "src\ApiGateway\ApiGateway.csproj", "{A535DC78-FA33-42C2-BB30-975997E7C692}"
EndProject
Project("{FAE04EC0-301F-11D3-BF4B-00C04F79EFBC}") = "BugService", "src\BugService\BugService.csproj", "{D7F6A90B-75C0-4DFA-9339-8B12DDDEBE42}"
EndProject
Global
	GlobalSection(SolutionConfigurationPlatforms) = preSolution
		Debug|Any CPU = Debug|Any CPU
		Debug|x64 = Debug|x64
		Debug|x86 = Debug|x86
		Release|Any CPU = Release|Any CPU
		Release|x64 = Release|x64
		Release|x86 = Release|x86
	EndGlobalSection
	GlobalSection(ProjectConfigurationPlatforms) = postSolution
		{A535DC78-FA33-42C2-BB30-975997E7C692}.Debug|Any CPU.ActiveCfg = Debug|Any CPU
		{A535DC78-FA33-42C2-BB30-975997E7C692}.Debug|Any CPU.Build.0 = Debug|Any CPU
		{A535DC78-FA33-42C2-BB30-975997E7C692}.Debug|x64.ActiveCfg = Debug|Any CPU
		{A535DC78-FA33-42C2-BB30-975997E7C692}.Debug|x64.Build.0 = Debug|Any CPU
		{A535DC78-FA33-42C2-BB30-975997E7C692}.Debug|x86.ActiveCfg = Debug|Any CPU
		{A535DC78-FA33-42C2-BB30-975997E7C692}.Debug|x86.Build.0 = Debug|Any CPU
		{A535DC78-FA33-42C2-BB30-975997E7C692}.Release|Any CPU.ActiveCfg = Release|Any CPU
		{A535DC78-FA33-42C2-BB30-975997E7C692}.Release|Any CPU.Build.0 = Release|Any CPU
		{A535DC78-FA33-42C2-BB30-975997E7C692}.Release|x64.ActiveCfg = Release|Any CPU
		{A535DC78-FA33-42C2-BB30-975997E7C692}.Release|x64.Build.0 = Release|Any CPU
		{A535DC78-FA33-42C2-BB30-975997E7C692}.Release|x86.ActiveCfg = Release|Any CPU
		{A535DC78-FA33-42C2-BB30-975997E7C692}.Release|x86.Build.0 = Release|Any CPU
		{D7F6A90B-75C0-4DFA-9339-8B12DDDEBE42}.Debug|Any CPU.ActiveCfg = Debug|Any CPU
		{D7F6A90B-75C0-4DFA-9339-8B12DDDEBE42}.Debug|Any CPU.Build.0 = Debug|Any CPU
		{D7F6A90B-75C0-4DFA-9339-8B12DDDEBE42}.Debug|x64.ActiveCfg = Debug|Any CPU
		{D7F6A90B-75C0-4DFA-9339-8B12DDDEBE42}.Debug|x64.Build.0 = Debug|Any CPU
		{D7F6A90B-75C0-4DFA-9339-8B12DDDEBE42}.Debug|x86.ActiveCfg = Debug|Any CPU
		{D7F6A90B-75C0-4DFA-9339-8B12DDDEBE42}.Debug|x86.Build.0 = Debug|Any CPU
		{D7F6A90B-75C0-4DFA-9339-8B12DDDEBE42}.Release|Any CPU.ActiveCfg = Release|Any CPU
		{D7F6A90B-75C0-4DFA-9339-8B12DDDEBE42}.Release|Any CPU.Build.0 = Release|Any CPU
		{D7F6A90B-75C0-4DFA-9339-8B12DDDEBE42}.Release|x64.ActiveCfg = Release|Any CPU
		{D7F6A90B-75C0-4DFA-9339-8B12DDDEBE42}.Release|x64.Build.0 = Release|Any CPU
		{D7F6A90B-75C0-4DFA-9339-8B12DDDEBE42}.Release|x86.ActiveCfg = Release|Any CPU
		{D7F6A90B-75C0-4DFA-9339-8B12DDDEBE42}.Release|x86.Build.0 = Release|Any CPU
	EndGlobalSection
	GlobalSection(SolutionProperties) = preSolution
		HideSolutionNode = FALSE
	EndGlobalSection
	GlobalSection(NestedProjects) = preSolution
		{A535DC78-FA33-42C2-BB30-975997E7C692} = {827E0CD3-B72D-47B6-A68D-7590B98EB39B}
		{D7F6A90B-75C0-4DFA-9339-8B12DDDEBE42} = {827E0CD3-B72D-47B6-A68D-7590B98EB39B}
	EndGlobalSection
EndGlobal
