
Microsoft Visual Studio Solution File, Format Version 12.00
# Visual Studio Version 17
VisualStudioVersion = 17.14.36518.9
MinimumVisualStudioVersion = 10.0.40219.1
Project("{FAE04EC0-301F-11D3-BF4B-00C04F79EFBC}") = "ApiGateway", "Gateway\ApiGateway.csproj", "{8488D1D0-F3E6-4755-8EAD-DE264ECD8EB8}"
EndProject
Project("{FAE04EC0-301F-11D3-BF4B-00C04F79EFBC}") = "UserService", "AuthServer\UserService.csproj", "{FC8242A4-CBEA-4558-9869-CFDEC471ADA0}"
EndProject
Project("{FAE04EC0-301F-11D3-BF4B-00C04F79EFBC}") = "GameService", "GameServer\GameService.csproj", "{7DB96F02-3A39-48E4-AC56-275A2D5DC966}"
EndProject
Project("{FAE04EC0-301F-11D3-BF4B-00C04F79EFBC}") = "LeaderboardService", "Leaderboard\LeaderboardService.csproj", "{9F5D367D-F237-456B-AAD7-C18AEC550002}"
EndProject
Global
	GlobalSection(SolutionConfigurationPlatforms) = preSolution
		Debug|Any CPU = Debug|Any CPU
		Release|Any CPU = Release|Any CPU
	EndGlobalSection
	GlobalSection(ProjectConfigurationPlatforms) = postSolution
		{8488D1D0-F3E6-4755-8EAD-DE264ECD8EB8}.Debug|Any CPU.ActiveCfg = Debug|Any CPU
		{8488D1D0-F3E6-4755-8EAD-DE264ECD8EB8}.Debug|Any CPU.Build.0 = Debug|Any CPU
		{8488D1D0-F3E6-4755-8EAD-DE264ECD8EB8}.Release|Any CPU.ActiveCfg = Release|Any CPU
		{8488D1D0-F3E6-4755-8EAD-DE264ECD8EB8}.Release|Any CPU.Build.0 = Release|Any CPU
		{FC8242A4-CBEA-4558-9869-CFDEC471ADA0}.Debug|Any CPU.ActiveCfg = Debug|Any CPU
		{FC8242A4-CBEA-4558-9869-CFDEC471ADA0}.Debug|Any CPU.Build.0 = Debug|Any CPU
		{FC8242A4-CBEA-4558-9869-CFDEC471ADA0}.Release|Any CPU.ActiveCfg = Release|Any CPU
		{FC8242A4-CBEA-4558-9869-CFDEC471ADA0}.Release|Any CPU.Build.0 = Release|Any CPU
		{7DB96F02-3A39-48E4-AC56-275A2D5DC966}.Debug|Any CPU.ActiveCfg = Debug|Any CPU
		{7DB96F02-3A39-48E4-AC56-275A2D5DC966}.Debug|Any CPU.Build.0 = Debug|Any CPU
		{7DB96F02-3A39-48E4-AC56-275A2D5DC966}.Release|Any CPU.ActiveCfg = Release|Any CPU
		{7DB96F02-3A39-48E4-AC56-275A2D5DC966}.Release|Any CPU.Build.0 = Release|Any CPU
		{9F5D367D-F237-456B-AAD7-C18AEC550002}.Debug|Any CPU.ActiveCfg = Debug|Any CPU
		{9F5D367D-F237-456B-AAD7-C18AEC550002}.Debug|Any CPU.Build.0 = Debug|Any CPU
		{9F5D367D-F237-456B-AAD7-C18AEC550002}.Release|Any CPU.ActiveCfg = Release|Any CPU
		{9F5D367D-F237-456B-AAD7-C18AEC550002}.Release|Any CPU.Build.0 = Release|Any CPU
	EndGlobalSection
	GlobalSection(SolutionProperties) = preSolution
		HideSolutionNode = FALSE
	EndGlobalSection
	GlobalSection(ExtensibilityGlobals) = postSolution
		SolutionGuid = {AF2AA036-EFF2-489A-A96F-B6D062F6E382}
	EndGlobalSection
EndGlobal
