
Microsoft Visual Studio Solution File, Format Version 12.00
# Visual Studio Version 17
VisualStudioVersion = 17.14.36518.9
MinimumVisualStudioVersion = 10.0.40219.1
Project("{2150E333-8FDC-42A3-9474-1A3956D46DE8}") = "src", "src", "{02EA681E-C7D8-13C7-8484-4AC65E1B71E8}"
EndProject
Project("{FAE04EC0-301F-11D3-BF4B-00C04F79EFBC}") = "ApiGateway", "src\ApiGateway\ApiGateway.csproj", "{967A9878-9005-C8B0-725C-1F34134168DB}"
EndProject
Project("{FAE04EC0-301F-11D3-BF4B-00C04F79EFBC}") = "GameService", "src\GameService\GameService.csproj", "{679C7CCC-C1DC-AB9B-492D-AF2953DB3857}"
EndProject
Project("{FAE04EC0-301F-11D3-BF4B-00C04F79EFBC}") = "LeaderboardService", "src\LeaderboardService\LeaderboardService.csproj", "{0BBB68A4-AA88-ADE5-AE78-FD39365950C2}"
EndProject
Project("{FAE04EC0-301F-11D3-BF4B-00C04F79EFBC}") = "UserService", "src\UserService\UserService.csproj", "{83F6432B-6D5F-2D49-A8A3-BB8F6E73D199}"
EndProject
Global
	GlobalSection(SolutionConfigurationPlatforms) = preSolution
		Debug|Any CPU = Debug|Any CPU
		Release|Any CPU = Release|Any CPU
	EndGlobalSection
	GlobalSection(ProjectConfigurationPlatforms) = postSolution
		{967A9878-9005-C8B0-725C-1F34134168DB}.Debug|Any CPU.ActiveCfg = Debug|Any CPU
		{967A9878-9005-C8B0-725C-1F34134168DB}.Debug|Any CPU.Build.0 = Debug|Any CPU
		{967A9878-9005-C8B0-725C-1F34134168DB}.Release|Any CPU.ActiveCfg = Release|Any CPU
		{967A9878-9005-C8B0-725C-1F34134168DB}.Release|Any CPU.Build.0 = Release|Any CPU
		{679C7CCC-C1DC-AB9B-492D-AF2953DB3857}.Debug|Any CPU.ActiveCfg = Debug|Any CPU
		{679C7CCC-C1DC-AB9B-492D-AF2953DB3857}.Debug|Any CPU.Build.0 = Debug|Any CPU
		{679C7CCC-C1DC-AB9B-492D-AF2953DB3857}.Release|Any CPU.ActiveCfg = Release|Any CPU
		{679C7CCC-C1DC-AB9B-492D-AF2953DB3857}.Release|Any CPU.Build.0 = Release|Any CPU
		{0BBB68A4-AA88-ADE5-AE78-FD39365950C2}.Debug|Any CPU.ActiveCfg = Debug|Any CPU
		{0BBB68A4-AA88-ADE5-AE78-FD39365950C2}.Debug|Any CPU.Build.0 = Debug|Any CPU
		{0BBB68A4-AA88-ADE5-AE78-FD39365950C2}.Release|Any CPU.ActiveCfg = Release|Any CPU
		{0BBB68A4-AA88-ADE5-AE78-FD39365950C2}.Release|Any CPU.Build.0 = Release|Any CPU
		{83F6432B-6D5F-2D49-A8A3-BB8F6E73D199}.Debug|Any CPU.ActiveCfg = Debug|Any CPU
		{83F6432B-6D5F-2D49-A8A3-BB8F6E73D199}.Debug|Any CPU.Build.0 = Debug|Any CPU
		{83F6432B-6D5F-2D49-A8A3-BB8F6E73D199}.Release|Any CPU.ActiveCfg = Release|Any CPU
		{83F6432B-6D5F-2D49-A8A3-BB8F6E73D199}.Release|Any CPU.Build.0 = Release|Any CPU
	EndGlobalSection
	GlobalSection(SolutionProperties) = preSolution
		HideSolutionNode = FALSE
	EndGlobalSection
	GlobalSection(NestedProjects) = preSolution
		{967A9878-9005-C8B0-725C-1F34134168DB} = {02EA681E-C7D8-13C7-8484-4AC65E1B71E8}
		{679C7CCC-C1DC-AB9B-492D-AF2953DB3857} = {02EA681E-C7D8-13C7-8484-4AC65E1B71E8}
		{0BBB68A4-AA88-ADE5-AE78-FD39365950C2} = {02EA681E-C7D8-13C7-8484-4AC65E1B71E8}
		{83F6432B-6D5F-2D49-A8A3-BB8F6E73D199} = {02EA681E-C7D8-13C7-8484-4AC65E1B71E8}
	EndGlobalSection
	GlobalSection(ExtensibilityGlobals) = postSolution
		SolutionGuid = {AF2AA036-EFF2-489A-A96F-B6D062F6E382}
	EndGlobalSection
EndGlobal
