
Microsoft Visual Studio Solution File, Format Version 12.00
# Visual Studio Version 17
VisualStudioVersion = 17.14.36518.9
MinimumVisualStudioVersion = 10.0.40219.1
Project("{FAE04EC0-301F-11D3-BF4B-00C04F79EFBC}") = "TcpServer", "TcpServer\TcpServer.csproj", "{FA351BE9-B801-407B-97A6-F8F0F15EECE1}"
EndProject
Project("{FAE04EC0-301F-11D3-BF4B-00C04F79EFBC}") = "ActorServer", "ActorServer\ActorServer.csproj", "{B3DA4949-4001-48C0-B786-F44AF29D9BC1}"
EndProject
Project("{FAE04EC0-301F-11D3-BF4B-00C04F79EFBC}") = "Proto", "Proto\Proto.csproj", "{D3061D43-FFF0-4C02-A108-E4082168465C}"
EndProject
Project("{FAE04EC0-301F-11D3-BF4B-00C04F79EFBC}") = "Telepathy", "Telepathy\Telepathy.csproj", "{8102B81A-D61A-4C47-85BC-0638AC4F2718}"
EndProject
Global
	GlobalSection(SolutionConfigurationPlatforms) = preSolution
		Debug|Any CPU = Debug|Any CPU
		Release|Any CPU = Release|Any CPU
	EndGlobalSection
	GlobalSection(ProjectConfigurationPlatforms) = postSolution
		{FA351BE9-B801-407B-97A6-F8F0F15EECE1}.Debug|Any CPU.ActiveCfg = Debug|Any CPU
		{FA351BE9-B801-407B-97A6-F8F0F15EECE1}.Debug|Any CPU.Build.0 = Debug|Any CPU
		{FA351BE9-B801-407B-97A6-F8F0F15EECE1}.Release|Any CPU.ActiveCfg = Release|Any CPU
		{FA351BE9-B801-407B-97A6-F8F0F15EECE1}.Release|Any CPU.Build.0 = Release|Any CPU
		{B3DA4949-4001-48C0-B786-F44AF29D9BC1}.Debug|Any CPU.ActiveCfg = Debug|Any CPU
		{B3DA4949-4001-48C0-B786-F44AF29D9BC1}.Debug|Any CPU.Build.0 = Debug|Any CPU
		{B3DA4949-4001-48C0-B786-F44AF29D9BC1}.Release|Any CPU.ActiveCfg = Release|Any CPU
		{B3DA4949-4001-48C0-B786-F44AF29D9BC1}.Release|Any CPU.Build.0 = Release|Any CPU
		{D3061D43-FFF0-4C02-A108-E4082168465C}.Debug|Any CPU.ActiveCfg = Debug|Any CPU
		{D3061D43-FFF0-4C02-A108-E4082168465C}.Debug|Any CPU.Build.0 = Debug|Any CPU
		{D3061D43-FFF0-4C02-A108-E4082168465C}.Release|Any CPU.ActiveCfg = Release|Any CPU
		{D3061D43-FFF0-4C02-A108-E4082168465C}.Release|Any CPU.Build.0 = Release|Any CPU
		{8102B81A-D61A-4C47-85BC-0638AC4F2718}.Debug|Any CPU.ActiveCfg = Debug|Any CPU
		{8102B81A-D61A-4C47-85BC-0638AC4F2718}.Debug|Any CPU.Build.0 = Debug|Any CPU
		{8102B81A-D61A-4C47-85BC-0638AC4F2718}.Release|Any CPU.ActiveCfg = Release|Any CPU
		{8102B81A-D61A-4C47-85BC-0638AC4F2718}.Release|Any CPU.Build.0 = Release|Any CPU
	EndGlobalSection
	GlobalSection(SolutionProperties) = preSolution
		HideSolutionNode = FALSE
	EndGlobalSection
	GlobalSection(ExtensibilityGlobals) = postSolution
		SolutionGuid = {63522D27-E03F-4FE3-B313-CABE479F4482}
	EndGlobalSection
EndGlobal
